
Microsoft Visual Studio Solution File, Format Version 12.00
# Visual Studio Version 17
VisualStudioVersion = 17.9.34723.18
MinimumVisualStudioVersion = 10.0.40219.1
Project("{FAE04EC0-301F-11D3-BF4B-00C04F79EFBC}") = "NZWalks.API", "NZWalks.API\NZWalks.API.csproj", "{1E9E1684-B339-4581-B573-1AFD3FB8FAF5}"
EndProject
Global
	GlobalSection(SolutionConfigurationPlatforms) = preSolution
		Debug|Any CPU = Debug|Any CPU
		Release|Any CPU = Release|Any CPU
	EndGlobalSection
	GlobalSection(ProjectConfigurationPlatforms) = postSolution
		{1E9E1684-B339-4581-B573-1AFD3FB8FAF5}.Debug|Any CPU.ActiveCfg = Debug|Any CPU
		{1E9E1684-B339-4581-B573-1AFD3FB8FAF5}.Debug|Any CPU.Build.0 = Debug|Any CPU
		{1E9E1684-B339-4581-B573-1AFD3FB8FAF5}.Release|Any CPU.ActiveCfg = Release|Any CPU
		{1E9E1684-B339-4581-B573-1AFD3FB8FAF5}.Release|Any CPU.Build.0 = Release|Any CPU
	EndGlobalSection
	GlobalSection(SolutionProperties) = preSolution
		HideSolutionNode = FALSE
	EndGlobalSection
	GlobalSection(ExtensibilityGlobals) = postSolution
		SolutionGuid = {8144739B-0FB4-462E-85B4-A2FA929106B2}
	EndGlobalSection
EndGlobal
